
Microsoft Visual Studio Solution File, Format Version 12.00
# Visual Studio Version 17
VisualStudioVersion = 17.14.36121.58 d17.14
MinimumVisualStudioVersion = 10.0.40219.1
Project("{FAE04EC0-301F-11D3-BF4B-00C04F79EFBC}") = "AppGitHubCopilotCodeReview", "AppGitHubCopilotCodeReview\AppGitHubCopilotCodeReview.csproj", "{63E41AF4-A77C-49C9-BE67-37E9C051E88C}"
EndProject
Global
	GlobalSection(SolutionConfigurationPlatforms) = preSolution
		Debug|Any CPU = Debug|Any CPU
		Release|Any CPU = Release|Any CPU
	EndGlobalSection
	GlobalSection(ProjectConfigurationPlatforms) = postSolution
		{63E41AF4-A77C-49C9-BE67-37E9C051E88C}.Debug|Any CPU.ActiveCfg = Debug|Any CPU
		{63E41AF4-A77C-49C9-BE67-37E9C051E88C}.Debug|Any CPU.Build.0 = Debug|Any CPU
		{63E41AF4-A77C-49C9-BE67-37E9C051E88C}.Release|Any CPU.ActiveCfg = Release|Any CPU
		{63E41AF4-A77C-49C9-BE67-37E9C051E88C}.Release|Any CPU.Build.0 = Release|Any CPU
	EndGlobalSection
	GlobalSection(SolutionProperties) = preSolution
		HideSolutionNode = FALSE
	EndGlobalSection
	GlobalSection(ExtensibilityGlobals) = postSolution
		SolutionGuid = {0922D5BB-FE30-40D4-BCD7-7BD0CCAA4EC1}
	EndGlobalSection
EndGlobal
